
Microsoft Visual Studio Solution File, Format Version 12.00
# Visual Studio Version 17
VisualStudioVersion = 17.1.32210.238
MinimumVisualStudioVersion = 10.0.40219.1
Project("{FAE04EC0-301F-11D3-BF4B-00C04F79EFBC}") = "Lab1", "Lab1\Lab1.csproj", "{33CFBE43-1E60-4641-A07C-440533CCD463}"
EndProject
Global
	GlobalSection(SolutionConfigurationPlatforms) = preSolution
		Debug|Any CPU = Debug|Any CPU
		Release|Any CPU = Release|Any CPU
	EndGlobalSection
	GlobalSection(ProjectConfigurationPlatforms) = postSolution
		{33CFBE43-1E60-4641-A07C-440533CCD463}.Debug|Any CPU.ActiveCfg = Debug|Any CPU
		{33CFBE43-1E60-4641-A07C-440533CCD463}.Debug|Any CPU.Build.0 = Debug|Any CPU
		{33CFBE43-1E60-4641-A07C-440533CCD463}.Release|Any CPU.ActiveCfg = Release|Any CPU
		{33CFBE43-1E60-4641-A07C-440533CCD463}.Release|Any CPU.Build.0 = Release|Any CPU
	EndGlobalSection
	GlobalSection(SolutionProperties) = preSolution
		HideSolutionNode = FALSE
	EndGlobalSection
	GlobalSection(ExtensibilityGlobals) = postSolution
		SolutionGuid = {680FD038-D37F-4353-B007-24604E5E65E1}
	EndGlobalSection
EndGlobal
